
Microsoft Visual Studio Solution File, Format Version 12.00
# Visual Studio 15
VisualStudioVersion = 15.0.27130.2036
MinimumVisualStudioVersion = 10.0.40219.1
Project("{8BC9CEB8-8B4A-11D0-8D11-00A0C91BC942}") = "GreenTriangle", "GreenTriangle\GreenTriangle.vcxproj", "{3D964C67-9848-4FE9-A2A0-BC346271A2F2}"
EndProject
Project("{8BC9CEB8-8B4A-11D0-8D11-00A0C91BC942}") = "ColorfulTriangle", "ColorfulTriangle\ColorfulTriangle.vcxproj", "{6E095F61-4BF5-4B1D-B0C2-8529332D59DD}"
EndProject
Project("{8BC9CEB8-8B4A-11D0-8D11-00A0C91BC942}") = "ImageViewer", "ImageViewer\ImageViewer.vcxproj", "{41356195-481A-4B39-A424-56A7356A6B1F}"
EndProject
Project("{8BC9CEB8-8B4A-11D0-8D11-00A0C91BC942}") = "Texture", "Texture\Texture.vcxproj", "{112B9BB1-2DD4-4114-A2D5-4E4995F34C4F}"
EndProject
Project("{8BC9CEB8-8B4A-11D0-8D11-00A0C91BC942}") = "FirstExcercise", "FirstExcercise\FirstExcercise.vcxproj", "{734EFEA2-E11A-4D35-87A1-144725B6269F}"
EndProject
Project("{8BC9CEB8-8B4A-11D0-8D11-00A0C91BC942}") = "Skeleton", "Skeleton\Skeleton.vcxproj", "{BB091CA3-8410-47DA-AA7F-A1561D69053A}"
EndProject
Project("{8BC9CEB8-8B4A-11D0-8D11-00A0C91BC942}") = "BasicRayTracing", "BasicRayTracing\BasicRayTracing.vcxproj", "{7F5A6EAB-60CE-48D2-BD69-46F2CF002E00}"
EndProject
Project("{8BC9CEB8-8B4A-11D0-8D11-00A0C91BC942}") = "BasicPathTracing", "BasicPathTracing\BasicPathTracing.vcxproj", "{658A6211-F99C-492B-8D1E-BB2AD204942A}"
EndProject
Project("{8BC9CEB8-8B4A-11D0-8D11-00A0C91BC942}") = "SecondExcercise", "SecondExcercise\SecondExcercise.vcxproj", "{314E59FD-43D4-4E33-948B-492B2AF547A7}"
EndProject
Global
	GlobalSection(SolutionConfigurationPlatforms) = preSolution
		Debug|x64 = Debug|x64
		Debug|x86 = Debug|x86
		Release|x64 = Release|x64
		Release|x86 = Release|x86
	EndGlobalSection
	GlobalSection(ProjectConfigurationPlatforms) = postSolution
		{3D964C67-9848-4FE9-A2A0-BC346271A2F2}.Debug|x64.ActiveCfg = Debug|x64
		{3D964C67-9848-4FE9-A2A0-BC346271A2F2}.Debug|x64.Build.0 = Debug|x64
		{3D964C67-9848-4FE9-A2A0-BC346271A2F2}.Debug|x86.ActiveCfg = Debug|x64
		{3D964C67-9848-4FE9-A2A0-BC346271A2F2}.Debug|x86.Build.0 = Debug|x64
		{3D964C67-9848-4FE9-A2A0-BC346271A2F2}.Release|x64.ActiveCfg = Release|x64
		{3D964C67-9848-4FE9-A2A0-BC346271A2F2}.Release|x64.Build.0 = Release|x64
		{3D964C67-9848-4FE9-A2A0-BC346271A2F2}.Release|x86.ActiveCfg = Release|x64
		{3D964C67-9848-4FE9-A2A0-BC346271A2F2}.Release|x86.Build.0 = Release|x64
		{6E095F61-4BF5-4B1D-B0C2-8529332D59DD}.Debug|x64.ActiveCfg = Debug|x64
		{6E095F61-4BF5-4B1D-B0C2-8529332D59DD}.Debug|x64.Build.0 = Debug|x64
		{6E095F61-4BF5-4B1D-B0C2-8529332D59DD}.Debug|x86.ActiveCfg = Debug|x64
		{6E095F61-4BF5-4B1D-B0C2-8529332D59DD}.Debug|x86.Build.0 = Debug|x64
		{6E095F61-4BF5-4B1D-B0C2-8529332D59DD}.Release|x64.ActiveCfg = Release|x64
		{6E095F61-4BF5-4B1D-B0C2-8529332D59DD}.Release|x64.Build.0 = Release|x64
		{6E095F61-4BF5-4B1D-B0C2-8529332D59DD}.Release|x86.ActiveCfg = Release|x64
		{6E095F61-4BF5-4B1D-B0C2-8529332D59DD}.Release|x86.Build.0 = Release|x64
		{41356195-481A-4B39-A424-56A7356A6B1F}.Debug|x64.ActiveCfg = Debug|x64
		{41356195-481A-4B39-A424-56A7356A6B1F}.Debug|x64.Build.0 = Debug|x64
		{41356195-481A-4B39-A424-56A7356A6B1F}.Debug|x86.ActiveCfg = Debug|x64
		{41356195-481A-4B39-A424-56A7356A6B1F}.Debug|x86.Build.0 = Debug|x64
		{41356195-481A-4B39-A424-56A7356A6B1F}.Release|x64.ActiveCfg = Release|x64
		{41356195-481A-4B39-A424-56A7356A6B1F}.Release|x64.Build.0 = Release|x64
		{41356195-481A-4B39-A424-56A7356A6B1F}.Release|x86.ActiveCfg = Release|x64
		{41356195-481A-4B39-A424-56A7356A6B1F}.Release|x86.Build.0 = Release|x64
		{112B9BB1-2DD4-4114-A2D5-4E4995F34C4F}.Debug|x64.ActiveCfg = Debug|x64
		{112B9BB1-2DD4-4114-A2D5-4E4995F34C4F}.Debug|x64.Build.0 = Debug|x64
		{112B9BB1-2DD4-4114-A2D5-4E4995F34C4F}.Debug|x86.ActiveCfg = Debug|x64
		{112B9BB1-2DD4-4114-A2D5-4E4995F34C4F}.Debug|x86.Build.0 = Debug|x64
		{112B9BB1-2DD4-4114-A2D5-4E4995F34C4F}.Release|x64.ActiveCfg = Release|x64
		{112B9BB1-2DD4-4114-A2D5-4E4995F34C4F}.Release|x64.Build.0 = Release|x64
		{112B9BB1-2DD4-4114-A2D5-4E4995F34C4F}.Release|x86.ActiveCfg = Release|x64
		{112B9BB1-2DD4-4114-A2D5-4E4995F34C4F}.Release|x86.Build.0 = Release|x64
		{734EFEA2-E11A-4D35-87A1-144725B6269F}.Debug|x64.ActiveCfg = Debug|x64
		{734EFEA2-E11A-4D35-87A1-144725B6269F}.Debug|x64.Build.0 = Debug|x64
		{734EFEA2-E11A-4D35-87A1-144725B6269F}.Debug|x86.ActiveCfg = Debug|Win32
		{734EFEA2-E11A-4D35-87A1-144725B6269F}.Debug|x86.Build.0 = Debug|Win32
		{734EFEA2-E11A-4D35-87A1-144725B6269F}.Release|x64.ActiveCfg = Release|x64
		{734EFEA2-E11A-4D35-87A1-144725B6269F}.Release|x64.Build.0 = Release|x64
		{734EFEA2-E11A-4D35-87A1-144725B6269F}.Release|x86.ActiveCfg = Release|Win32
		{734EFEA2-E11A-4D35-87A1-144725B6269F}.Release|x86.Build.0 = Release|Win32
		{BB091CA3-8410-47DA-AA7F-A1561D69053A}.Debug|x64.ActiveCfg = Debug|x64
		{BB091CA3-8410-47DA-AA7F-A1561D69053A}.Debug|x64.Build.0 = Debug|x64
		{BB091CA3-8410-47DA-AA7F-A1561D69053A}.Debug|x86.ActiveCfg = Debug|Win32
		{BB091CA3-8410-47DA-AA7F-A1561D69053A}.Debug|x86.Build.0 = Debug|Win32
		{BB091CA3-8410-47DA-AA7F-A1561D69053A}.Release|x64.ActiveCfg = Release|x64
		{BB091CA3-8410-47DA-AA7F-A1561D69053A}.Release|x64.Build.0 = Release|x64
		{BB091CA3-8410-47DA-AA7F-A1561D69053A}.Release|x86.ActiveCfg = Release|Win32
		{BB091CA3-8410-47DA-AA7F-A1561D69053A}.Release|x86.Build.0 = Release|Win32
		{7F5A6EAB-60CE-48D2-BD69-46F2CF002E00}.Debug|x64.ActiveCfg = Debug|x64
		{7F5A6EAB-60CE-48D2-BD69-46F2CF002E00}.Debug|x64.Build.0 = Debug|x64
		{7F5A6EAB-60CE-48D2-BD69-46F2CF002E00}.Debug|x86.ActiveCfg = Debug|Win32
		{7F5A6EAB-60CE-48D2-BD69-46F2CF002E00}.Debug|x86.Build.0 = Debug|Win32
		{7F5A6EAB-60CE-48D2-BD69-46F2CF002E00}.Release|x64.ActiveCfg = Release|x64
		{7F5A6EAB-60CE-48D2-BD69-46F2CF002E00}.Release|x64.Build.0 = Release|x64
		{7F5A6EAB-60CE-48D2-BD69-46F2CF002E00}.Release|x86.ActiveCfg = Release|Win32
		{7F5A6EAB-60CE-48D2-BD69-46F2CF002E00}.Release|x86.Build.0 = Release|Win32
		{658A6211-F99C-492B-8D1E-BB2AD204942A}.Debug|x64.ActiveCfg = Debug|x64
		{658A6211-F99C-492B-8D1E-BB2AD204942A}.Debug|x64.Build.0 = Debug|x64
		{658A6211-F99C-492B-8D1E-BB2AD204942A}.Debug|x86.ActiveCfg = Debug|Win32
		{658A6211-F99C-492B-8D1E-BB2AD204942A}.Debug|x86.Build.0 = Debug|Win32
		{658A6211-F99C-492B-8D1E-BB2AD204942A}.Release|x64.ActiveCfg = Release|x64
		{658A6211-F99C-492B-8D1E-BB2AD204942A}.Release|x64.Build.0 = Release|x64
		{658A6211-F99C-492B-8D1E-BB2AD204942A}.Release|x86.ActiveCfg = Release|Win32
		{658A6211-F99C-492B-8D1E-BB2AD204942A}.Release|x86.Build.0 = Release|Win32
		{314E59FD-43D4-4E33-948B-492B2AF547A7}.Debug|x64.ActiveCfg = Debug|x64
		{314E59FD-43D4-4E33-948B-492B2AF547A7}.Debug|x64.Build.0 = Debug|x64
		{314E59FD-43D4-4E33-948B-492B2AF547A7}.Debug|x86.ActiveCfg = Debug|Win32
		{314E59FD-43D4-4E33-948B-492B2AF547A7}.Debug|x86.Build.0 = Debug|Win32
		{314E59FD-43D4-4E33-948B-492B2AF547A7}.Release|x64.ActiveCfg = Release|x64
		{314E59FD-43D4-4E33-948B-492B2AF547A7}.Release|x64.Build.0 = Release|x64
		{314E59FD-43D4-4E33-948B-492B2AF547A7}.Release|x86.ActiveCfg = Release|Win32
		{314E59FD-43D4-4E33-948B-492B2AF547A7}.Release|x86.Build.0 = Release|Win32
	EndGlobalSection
	GlobalSection(SolutionProperties) = preSolution
		HideSolutionNode = FALSE
	EndGlobalSection
	GlobalSection(ExtensibilityGlobals) = postSolution
		SolutionGuid = {7F1E519A-1217-4E5C-8F73-D30D25B915D6}
	EndGlobalSection
EndGlobal
